
Microsoft Visual Studio Solution File, Format Version 12.00
# Visual Studio Version 16
VisualStudioVersion = 16.0.30204.135
MinimumVisualStudioVersion = 10.0.40219.1
Project("{9A19103F-16F7-4668-BE54-9A1E7A4F7556}") = "SortingAlgorithms", "SortingAlgorithms\SortingAlgorithms.csproj", "{405A11F8-24BF-479B-8431-FC5422E60666}"
EndProject
Project("{9A19103F-16F7-4668-BE54-9A1E7A4F7556}") = "SortingAlgorithmsTests", "SortingAlgorithmsTests\SortingAlgorithmsTests.csproj", "{345EC505-9634-4FD2-8D7B-AB27BD6A686C}"
EndProject
Global
	GlobalSection(SolutionConfigurationPlatforms) = preSolution
		Debug|Any CPU = Debug|Any CPU
		Release|Any CPU = Release|Any CPU
	EndGlobalSection
	GlobalSection(ProjectConfigurationPlatforms) = postSolution
		{405A11F8-24BF-479B-8431-FC5422E60666}.Debug|Any CPU.ActiveCfg = Debug|Any CPU
		{405A11F8-24BF-479B-8431-FC5422E60666}.Debug|Any CPU.Build.0 = Debug|Any CPU
		{405A11F8-24BF-479B-8431-FC5422E60666}.Release|Any CPU.ActiveCfg = Release|Any CPU
		{405A11F8-24BF-479B-8431-FC5422E60666}.Release|Any CPU.Build.0 = Release|Any CPU
		{345EC505-9634-4FD2-8D7B-AB27BD6A686C}.Debug|Any CPU.ActiveCfg = Debug|Any CPU
		{345EC505-9634-4FD2-8D7B-AB27BD6A686C}.Debug|Any CPU.Build.0 = Debug|Any CPU
		{345EC505-9634-4FD2-8D7B-AB27BD6A686C}.Release|Any CPU.ActiveCfg = Release|Any CPU
		{345EC505-9634-4FD2-8D7B-AB27BD6A686C}.Release|Any CPU.Build.0 = Release|Any CPU
	EndGlobalSection
	GlobalSection(SolutionProperties) = preSolution
		HideSolutionNode = FALSE
	EndGlobalSection
	GlobalSection(ExtensibilityGlobals) = postSolution
		SolutionGuid = {BC3A2892-1F89-4317-B907-51AB722B8E0B}
	EndGlobalSection
EndGlobal
